// !$*UTF8*$!
{
	archiveVersion = 1;
	classes = {
	};
	objectVersion = 56;
	objects = {

/* Begin PBXBuildFile section */
		254EC85929AFD64E00E45922 /* FlowPlayerApp.swift in Sources */ = {isa = PBXBuildFile; fileRef = 254EC85829AFD64E00E45922 /* FlowPlayerApp.swift */; };
		254EC85B29AFD64E00E45922 /* ContentView.swift in Sources */ = {isa = PBXBuildFile; fileRef = 254EC85A29AFD64E00E45922 /* ContentView.swift */; };
		254EC85D29AFD64F00E45922 /* Assets.xcassets in Resources */ = {isa = PBXBuildFile; fileRef = 254EC85C29AFD64F00E45922 /* Assets.xcassets */; };
		254EC86029AFD64F00E45922 /* Preview Assets.xcassets in Resources */ = {isa = PBXBuildFile; fileRef = 254EC85F29AFD64F00E45922 /* Preview Assets.xcassets */; };
		254EC86729AFD66B00E45922 /* TabBar.swift in Sources */ = {isa = PBXBuildFile; fileRef = 254EC86629AFD66B00E45922 /* TabBar.swift */; };
		254EC86A29AFD98600E45922 /* BlurView.swift in Sources */ = {isa = PBXBuildFile; fileRef = 254EC86929AFD98600E45922 /* BlurView.swift */; };
		254EC86C29AFDADE00E45922 /* MiniPlayer.swift in Sources */ = {isa = PBXBuildFile; fileRef = 254EC86B29AFDADE00E45922 /* MiniPlayer.swift */; };
		254EC86E29AFDE0200E45922 /* Search.swift in Sources */ = {isa = PBXBuildFile; fileRef = 254EC86D29AFDE0200E45922 /* Search.swift */; };
/* End PBXBuildFile section */

/* Begin PBXFileReference section */
		254EC85529AFD64E00E45922 /* FlowPlayer.app */ = {isa = PBXFileReference; explicitFileType = wrapper.application; includeInIndex = 0; path = FlowPlayer.app; sourceTree = BUILT_PRODUCTS_DIR; };
		254EC85829AFD64E00E45922 /* FlowPlayerApp.swift */ = {isa = PBXFileReference; lastKnownFileType = sourcecode.swift; path = FlowPlayerApp.swift; sourceTree = "<group>"; };
		254EC85A29AFD64E00E45922 /* ContentView.swift */ = {isa = PBXFileReference; lastKnownFileType = sourcecode.swift; path = ContentView.swift; sourceTree = "<group>"; };
		254EC85C29AFD64F00E45922 /* Assets.xcassets */ = {isa = PBXFileReference; lastKnownFileType = folder.assetcatalog; path = Assets.xcassets; sourceTree = "<group>"; };
		254EC85F29AFD64F00E45922 /* Preview Assets.xcassets */ = {isa = PBXFileReference; lastKnownFileType = folder.assetcatalog; path = "Preview Assets.xcassets"; sourceTree = "<group>"; };
		254EC86629AFD66B00E45922 /* TabBar.swift */ = {isa = PBXFileReference; lastKnownFileType = sourcecode.swift; path = TabBar.swift; sourceTree = "<group>"; };
		254EC86929AFD98600E45922 /* BlurView.swift */ = {isa = PBXFileReference; lastKnownFileType = sourcecode.swift; path = BlurView.swift; sourceTree = "<group>"; };
		254EC86B29AFDADE00E45922 /* MiniPlayer.swift */ = {isa = PBXFileReference; lastKnownFileType = sourcecode.swift; path = MiniPlayer.swift; sourceTree = "<group>"; };
		254EC86D29AFDE0200E45922 /* Search.swift */ = {isa = PBXFileReference; lastKnownFileType = sourcecode.swift; path = Search.swift; sourceTree = "<group>"; };
/* End PBXFileReference section */

/* Begin PBXFrameworksBuildPhase section */
		254EC85229AFD64E00E45922 /* Frameworks */ = {
			isa = PBXFrameworksBuildPhase;
			buildActionMask = 2147483647;
			files = (
			);
			runOnlyForDeploymentPostprocessing = 0;
		};
/* End PBXFrameworksBuildPhase section */

/* Begin PBXGroup section */
		254EC84C29AFD64E00E45922 = {
			isa = PBXGroup;
			children = (
				254EC85729AFD64E00E45922 /* FlowPlayer */,
				254EC85629AFD64E00E45922 /* Products */,
			);
			sourceTree = "<group>";
		};
		254EC85629AFD64E00E45922 /* Products */ = {
			isa = PBXGroup;
			children = (
				254EC85529AFD64E00E45922 /* FlowPlayer.app */,
			);
			name = Products;
			sourceTree = "<group>";
		};
		254EC85729AFD64E00E45922 /* FlowPlayer */ = {
			isa = PBXGroup;
			children = (
				254EC85829AFD64E00E45922 /* FlowPlayerApp.swift */,
				254EC85A29AFD64E00E45922 /* ContentView.swift */,
				254EC85C29AFD64F00E45922 /* Assets.xcassets */,
				254EC85E29AFD64F00E45922 /* Preview Content */,
				254EC86829AFD73900E45922 /* View */,
			);
			path = FlowPlayer;
			sourceTree = "<group>";
		};
		254EC85E29AFD64F00E45922 /* Preview Content */ = {
			isa = PBXGroup;
			children = (
				254EC85F29AFD64F00E45922 /* Preview Assets.xcassets */,
			);
			path = "Preview Content";
			sourceTree = "<group>";
		};
		254EC86829AFD73900E45922 /* View */ = {
			isa = PBXGroup;
			children = (
				254EC86629AFD66B00E45922 /* TabBar.swift */,
				254EC86929AFD98600E45922 /* BlurView.swift */,
				254EC86B29AFDADE00E45922 /* MiniPlayer.swift */,
				254EC86D29AFDE0200E45922 /* Search.swift */,
			);
			path = View;
			sourceTree = "<group>";
		};
/* End PBXGroup section */

/* Begin PBXNativeTarget section */
		254EC85429AFD64E00E45922 /* FlowPlayer */ = {
			isa = PBXNativeTarget;
			buildConfigurationList = 254EC86329AFD64F00E45922 /* Build configuration list for PBXNativeTarget "FlowPlayer" */;
			buildPhases = (
				254EC85129AFD64E00E45922 /* Sources */,
				254EC85229AFD64E00E45922 /* Frameworks */,
				254EC85329AFD64E00E45922 /* Resources */,
			);
			buildRules = (
			);
			dependencies = (
			);
			name = FlowPlayer;
			productName = FlowPlayer;
			productReference = 254EC85529AFD64E00E45922 /* FlowPlayer.app */;
			productType = "com.apple.product-type.application";
		};
/* End PBXNativeTarget section */

/* Begin PBXProject section */
		254EC84D29AFD64E00E45922 /* Project object */ = {
			isa = PBXProject;
			attributes = {
				BuildIndependentTargetsInParallel = 1;
				LastSwiftUpdateCheck = 1420;
				LastUpgradeCheck = 1420;
				TargetAttributes = {
					254EC85429AFD64E00E45922 = {
						CreatedOnToolsVersion = 14.2;
					};
				};
			};
			buildConfigurationList = 254EC85029AFD64E00E45922 /* Build configuration list for PBXProject "FlowPlayer" */;
			compatibilityVersion = "Xcode 14.0";
			developmentRegion = en;
			hasScannedForEncodings = 0;
			knownRegions = (
				en,
				Base,
			);
			mainGroup = 254EC84C29AFD64E00E45922;
			productRefGroup = 254EC85629AFD64E00E45922 /* Products */;
			projectDirPath = "";
			projectRoot = "";
			targets = (
				254EC85429AFD64E00E45922 /* FlowPlayer */,
			);
		};
/* End PBXProject section */

/* Begin PBXResourcesBuildPhase section */
		254EC85329AFD64E00E45922 /* Resources */ = {
			isa = PBXResourcesBuildPhase;
			buildActionMask = 2147483647;
			files = (
				254EC86029AFD64F00E45922 /* Preview Assets.xcassets in Resources */,
				254EC85D29AFD64F00E45922 /* Assets.xcassets in Resources */,
			);
			runOnlyForDeploymentPostprocessing = 0;
		};
/* End PBXResourcesBuildPhase section */

/* Begin PBXSourcesBuildPhase section */
		254EC85129AFD64E00E45922 /* Sources */ = {
			isa = PBXSourcesBuildPhase;
			buildActionMask = 2147483647;
			files = (
				254EC86729AFD66B00E45922 /* TabBar.swift in Sources */,
				254EC86A29AFD98600E45922 /* BlurView.swift in Sources */,
				254EC85B29AFD64E00E45922 /* ContentView.swift in Sources */,
				254EC86E29AFDE0200E45922 /* Search.swift in Sources */,
				254EC86C29AFDADE00E45922 /* MiniPlayer.swift in Sources */,
				254EC85929AFD64E00E45922 /* FlowPlayerApp.swift in Sources */,
			);
			runOnlyForDeploymentPostprocessing = 0;
		};
/* End PBXSourcesBuildPhase section */

/* Begin XCBuildConfiguration section */
		254EC86129AFD64F00E45922 /* Debug */ = {
			isa = XCBuildConfiguration;
			buildSettings = {
				ALWAYS_SEARCH_USER_PATHS = NO;
				CLANG_ANALYZER_NONNULL = YES;
				CLANG_ANALYZER_NUMBER_OBJECT_CONVERSION = YES_AGGRESSIVE;
				CLANG_CXX_LANGUAGE_STANDARD = "gnu++20";
				CLANG_ENABLE_MODULES = YES;
				CLANG_ENABLE_OBJC_ARC = YES;
				CLANG_ENABLE_OBJC_WEAK = YES;
				CLANG_WARN_BLOCK_CAPTURE_AUTORELEASING = YES;
				CLANG_WARN_BOOL_CONVERSION = YES;
				CLANG_WARN_COMMA = YES;
				CLANG_WARN_CONSTANT_CONVERSION = YES;
				CLANG_WARN_DEPRECATED_OBJC_IMPLEMENTATIONS = YES;
				CLANG_WARN_DIRECT_OBJC_ISA_USAGE = YES_ERROR;
				CLANG_WARN_DOCUMENTATION_COMMENTS = YES;
				CLANG_WARN_EMPTY_BODY = YES;
				CLANG_WARN_ENUM_CONVERSION = YES;
				CLANG_WARN_INFINITE_RECURSION = YES;
				CLANG_WARN_INT_CONVERSION = YES;
				CLANG_WARN_NON_LITERAL_NULL_CONVERSION = YES;
				CLANG_WARN_OBJC_IMPLICIT_RETAIN_SELF = YES;
				CLANG_WARN_OBJC_LITERAL_CONVERSION = YES;
				CLANG_WARN_OBJC_ROOT_CLASS = YES_ERROR;
				CLANG_WARN_QUOTED_INCLUDE_IN_FRAMEWORK_HEADER = YES;
				CLANG_WARN_RANGE_LOOP_ANALYSIS = YES;
				CLANG_WARN_STRICT_PROTOTYPES = YES;
				CLANG_WARN_SUSPICIOUS_MOVE = YES;
				CLANG_WARN_UNGUARDED_AVAILABILITY = YES_AGGRESSIVE;
				CLANG_WARN_UNREACHABLE_CODE = YES;
				CLANG_WARN__DUPLICATE_METHOD_MATCH = YES;
				COPY_PHASE_STRIP = NO;
				DEBUG_INFORMATION_FORMAT = dwarf;
				ENABLE_STRICT_OBJC_MSGSEND = YES;
				ENABLE_TESTABILITY = YES;
				GCC_C_LANGUAGE_STANDARD = gnu11;
				GCC_DYNAMIC_NO_PIC = NO;
				GCC_NO_COMMON_BLOCKS = YES;
				GCC_OPTIMIZATION_LEVEL = 0;
				GCC_PREPROCESSOR_DEFINITIONS = (
					"DEBUG=1",
					"$(inherited)",
				);
				GCC_WARN_64_TO_32_BIT_CONVERSION = YES;
				GCC_WARN_ABOUT_RETURN_TYPE = YES_ERROR;
				GCC_WARN_UNDECLARED_SELECTOR = YES;
				GCC_WARN_UNINITIALIZED_AUTOS = YES_AGGRESSIVE;
				GCC_WARN_UNUSED_FUNCTION = YES;
				GCC_WARN_UNUSED_VARIABLE = YES;
				IPHONEOS_DEPLOYMENT_TARGET = 16.2;
				MTL_ENABLE_DEBUG_INFO = INCLUDE_SOURCE;
				MTL_FAST_MATH = YES;
				ONLY_ACTIVE_ARCH = YES;
				SDKROOT = iphoneos;
				SWIFT_ACTIVE_COMPILATION_CONDITIONS = DEBUG;
				SWIFT_OPTIMIZATION_LEVEL = "-Onone";
			};
			name = Debug;
		};
		254EC86229AFD64F00E45922 /* Release */ = {
			isa = XCBuildConfiguration;
			buildSettings = {
				ALWAYS_SEARCH_USER_PATHS = NO;
				CLANG_ANALYZER_NONNULL = YES;
				CLANG_ANALYZER_NUMBER_OBJECT_CONVERSION = YES_AGGRESSIVE;
				CLANG_CXX_LANGUAGE_STANDARD = "gnu++20";
				CLANG_ENABLE_MODULES = YES;
				CLANG_ENABLE_OBJC_ARC = YES;
				CLANG_ENABLE_OBJC_WEAK = YES;
				CLANG_WARN_BLOCK_CAPTURE_AUTORELEASING = YES;
				CLANG_WARN_BOOL_CONVERSION = YES;
				CLANG_WARN_COMMA = YES;
				CLANG_WARN_CONSTANT_CONVERSION = YES;
				CLANG_WARN_DEPRECATED_OBJC_IMPLEMENTATIONS = YES;
				CLANG_WARN_DIRECT_OBJC_ISA_USAGE = YES_ERROR;
				CLANG_WARN_DOCUMENTATION_COMMENTS = YES;
				CLANG_WARN_EMPTY_BODY = YES;
				CLANG_WARN_ENUM_CONVERSION = YES;
				CLANG_WARN_INFINITE_RECURSION = YES;
				CLANG_WARN_INT_CONVERSION = YES;
				CLANG_WARN_NON_LITERAL_NULL_CONVERSION = YES;
				CLANG_WARN_OBJC_IMPLICIT_RETAIN_SELF = YES;
				CLANG_WARN_OBJC_LITERAL_CONVERSION = YES;
				CLANG_WARN_OBJC_ROOT_CLASS = YES_ERROR;
				CLANG_WARN_QUOTED_INCLUDE_IN_FRAMEWORK_HEADER = YES;
				CLANG_WARN_RANGE_LOOP_ANALYSIS = YES;
				CLANG_WARN_STRICT_PROTOTYPES = YES;
				CLANG_WARN_SUSPICIOUS_MOVE = YES;
				CLANG_WARN_UNGUARDED_AVAILABILITY = YES_AGGRESSIVE;
				CLANG_WARN_UNREACHABLE_CODE = YES;
				CLANG_WARN__DUPLICATE_METHOD_MATCH = YES;
				COPY_PHASE_STRIP = NO;
				DEBUG_INFORMATION_FORMAT = "dwarf-with-dsym";
				ENABLE_NS_ASSERTIONS = NO;
				ENABLE_STRICT_OBJC_MSGSEND = YES;
				GCC_C_LANGUAGE_STANDARD = gnu11;
				GCC_NO_COMMON_BLOCKS = YES;
				GCC_WARN_64_TO_32_BIT_CONVERSION = YES;
				GCC_WARN_ABOUT_RETURN_TYPE = YES_ERROR;
				GCC_WARN_UNDECLARED_SELECTOR = YES;
				GCC_WARN_UNINITIALIZED_AUTOS = YES_AGGRESSIVE;
				GCC_WARN_UNUSED_FUNCTION = YES;
				GCC_WARN_UNUSED_VARIABLE = YES;
				IPHONEOS_DEPLOYMENT_TARGET = 16.2;
				MTL_ENABLE_DEBUG_INFO = NO;
				MTL_FAST_MATH = YES;
				SDKROOT = iphoneos;
				SWIFT_COMPILATION_MODE = wholemodule;
				SWIFT_OPTIMIZATION_LEVEL = "-O";
				VALIDATE_PRODUCT = YES;
			};
			name = Release;
		};
		254EC86429AFD64F00E45922 /* Debug */ = {
			isa = XCBuildConfiguration;
			buildSettings = {
				ASSETCATALOG_COMPILER_APPICON_NAME = AppIcon;
				ASSETCATALOG_COMPILER_GLOBAL_ACCENT_COLOR_NAME = AccentColor;
				CODE_SIGN_STYLE = Automatic;
				CURRENT_PROJECT_VERSION = 1;
				DEVELOPMENT_ASSET_PATHS = "\"FlowPlayer/Preview Content\"";
				DEVELOPMENT_TEAM = J93B3U7TH7;
				ENABLE_PREVIEWS = YES;
				GENERATE_INFOPLIST_FILE = YES;
				INFOPLIST_KEY_UIApplicationSceneManifest_Generation = YES;
				INFOPLIST_KEY_UIApplicationSupportsIndirectInputEvents = YES;
				INFOPLIST_KEY_UILaunchScreen_Generation = YES;
				INFOPLIST_KEY_UISupportedInterfaceOrientations_iPad = "UIInterfaceOrientationPortrait UIInterfaceOrientationPortraitUpsideDown UIInterfaceOrientationLandscapeLeft UIInterfaceOrientationLandscapeRight";
				INFOPLIST_KEY_UISupportedInterfaceOrientations_iPhone = "UIInterfaceOrientationPortrait UIInterfaceOrientationLandscapeLeft UIInterfaceOrientationLandscapeRight";
				LD_RUNPATH_SEARCH_PATHS = (
					"$(inherited)",
					"@executable_path/Frameworks",
				);
				MARKETING_VERSION = 1.0;
				PRODUCT_BUNDLE_IDENTIFIER = com.andreagglez99.FlowPlayerr;
				PRODUCT_NAME = "$(TARGET_NAME)";
				SWIFT_EMIT_LOC_STRINGS = YES;
				SWIFT_VERSION = 5.0;
				TARGETED_DEVICE_FAMILY = "1,2";
			};
			name = Debug;
		};
		254EC86529AFD64F00E45922 /* Release */ = {
			isa = XCBuildConfiguration;
			buildSettings = {
				ASSETCATALOG_COMPILER_APPICON_NAME = AppIcon;
				ASSETCATALOG_COMPILER_GLOBAL_ACCENT_COLOR_NAME = AccentColor;
				CODE_SIGN_STYLE = Automatic;
				CURRENT_PROJECT_VERSION = 1;
				DEVELOPMENT_ASSET_PATHS = "\"FlowPlayer/Preview Content\"";
				DEVELOPMENT_TEAM = J93B3U7TH7;
				ENABLE_PREVIEWS = YES;
				GENERATE_INFOPLIST_FILE = YES;
				INFOPLIST_KEY_UIApplicationSceneManifest_Generation = YES;
				INFOPLIST_KEY_UIApplicationSupportsIndirectInputEvents = YES;
				INFOPLIST_KEY_UILaunchScreen_Generation = YES;
				INFOPLIST_KEY_UISupportedInterfaceOrientations_iPad = "UIInterfaceOrientationPortrait UIInterfaceOrientationPortraitUpsideDown UIInterfaceOrientationLandscapeLeft UIInterfaceOrientationLandscapeRight";
				INFOPLIST_KEY_UISupportedInterfaceOrientations_iPhone = "UIInterfaceOrientationPortrait UIInterfaceOrientationLandscapeLeft UIInterfaceOrientationLandscapeRight";
				LD_RUNPATH_SEARCH_PATHS = (
					"$(inherited)",
					"@executable_path/Frameworks",
				);
				MARKETING_VERSION = 1.0;
				PRODUCT_BUNDLE_IDENTIFIER = com.andreagglez99.FlowPlayerr;
				PRODUCT_NAME = "$(TARGET_NAME)";
				SWIFT_EMIT_LOC_STRINGS = YES;
				SWIFT_VERSION = 5.0;
				TARGETED_DEVICE_FAMILY = "1,2";
			};
			name = Release;
		};
/* End XCBuildConfiguration section */

/* Begin XCConfigurationList section */
		254EC85029AFD64E00E45922 /* Build configuration list for PBXProject "FlowPlayer" */ = {
			isa = XCConfigurationList;
			buildConfigurations = (
				254EC86129AFD64F00E45922 /* Debug */,
				254EC86229AFD64F00E45922 /* Release */,
			);
			defaultConfigurationIsVisible = 0;
			defaultConfigurationName = Release;
		};
		254EC86329AFD64F00E45922 /* Build configuration list for PBXNativeTarget "FlowPlayer" */ = {
			isa = XCConfigurationList;
			buildConfigurations = (
				254EC86429AFD64F00E45922 /* Debug */,
				254EC86529AFD64F00E45922 /* Release */,
			);
			defaultConfigurationIsVisible = 0;
			defaultConfigurationName = Release;
		};
/* End XCConfigurationList section */
	};
	rootObject = 254EC84D29AFD64E00E45922 /* Project object */;
}
